
Microsoft Visual Studio Solution File, Format Version 12.00
# Visual Studio 16
Project("{FAE04EC0-301F-11D3-BF4B-00C04F79EFBC}") = "Assembly-CSharp", "Assembly-CSharp.csproj", "{B8B49E8E-DC6D-4773-B74D-037BFB038EEF}"
EndProject
Project("{FAE04EC0-301F-11D3-BF4B-00C04F79EFBC}") = "Assembly-CSharp-Editor", "Assembly-CSharp-Editor.csproj", "{41DA1E03-8776-808C-F821-A56365620AC9}"
EndProject
Global
	GlobalSection(SolutionConfigurationPlatforms) = preSolution
		Debug|Any CPU = Debug|Any CPU
		Release|Any CPU = Release|Any CPU
	EndGlobalSection
	GlobalSection(ProjectConfigurationPlatforms) = postSolution
		{B8B49E8E-DC6D-4773-B74D-037BFB038EEF}.Debug|Any CPU.ActiveCfg = Debug|Any CPU
		{B8B49E8E-DC6D-4773-B74D-037BFB038EEF}.Debug|Any CPU.Build.0 = Debug|Any CPU
		{B8B49E8E-DC6D-4773-B74D-037BFB038EEF}.Release|Any CPU.ActiveCfg = Release|Any CPU
		{B8B49E8E-DC6D-4773-B74D-037BFB038EEF}.Release|Any CPU.Build.0 = Release|Any CPU
		{41DA1E03-8776-808C-F821-A56365620AC9}.Debug|Any CPU.ActiveCfg = Debug|Any CPU
		{41DA1E03-8776-808C-F821-A56365620AC9}.Debug|Any CPU.Build.0 = Debug|Any CPU
		{41DA1E03-8776-808C-F821-A56365620AC9}.Release|Any CPU.ActiveCfg = Release|Any CPU
		{41DA1E03-8776-808C-F821-A56365620AC9}.Release|Any CPU.Build.0 = Release|Any CPU
	EndGlobalSection
	GlobalSection(SolutionProperties) = preSolution
		HideSolutionNode = FALSE
	EndGlobalSection
	GlobalSection(MonoDevelopProperties) = preSolution
		StartupItem = Assembly-CSharp.csproj
	EndGlobalSection
EndGlobal
